// !$*UTF8*$!
{
	archiveVersion = 1;
	classes = {
	};
	objectVersion = 50;
	objects = {

/* Begin PBXBuildFile section */
		AB82605824E0CD6900EB38EA /* AppDelegate.swift in Sources */ = {isa = PBXBuildFile; fileRef = AB82605724E0CD6900EB38EA /* AppDelegate.swift */; };
		AB82605A24E0CD6900EB38EA /* SceneDelegate.swift in Sources */ = {isa = PBXBuildFile; fileRef = AB82605924E0CD6900EB38EA /* SceneDelegate.swift */; };
		AB82605C24E0CD6900EB38EA /* ViewController.swift in Sources */ = {isa = PBXBuildFile; fileRef = AB82605B24E0CD6900EB38EA /* ViewController.swift */; };
		AB82605F24E0CD6900EB38EA /* Main.storyboard in Resources */ = {isa = PBXBuildFile; fileRef = AB82605D24E0CD6900EB38EA /* Main.storyboard */; };
		AB82606124E0CD6A00EB38EA /* Assets.xcassets in Resources */ = {isa = PBXBuildFile; fileRef = AB82606024E0CD6A00EB38EA /* Assets.xcassets */; };
		AB82606424E0CD6A00EB38EA /* LaunchScreen.storyboard in Resources */ = {isa = PBXBuildFile; fileRef = AB82606224E0CD6A00EB38EA /* LaunchScreen.storyboard */; };
/* End PBXBuildFile section */

/* Begin PBXFileReference section */
		AB82605424E0CD6900EB38EA /* internationalizationBaseFinish.app */ = {isa = PBXFileReference; explicitFileType = wrapper.application; includeInIndex = 0; path = internationalizationBaseFinish.app; sourceTree = BUILT_PRODUCTS_DIR; };
		AB82605724E0CD6900EB38EA /* AppDelegate.swift */ = {isa = PBXFileReference; lastKnownFileType = sourcecode.swift; path = AppDelegate.swift; sourceTree = "<group>"; };
		AB82605924E0CD6900EB38EA /* SceneDelegate.swift */ = {isa = PBXFileReference; lastKnownFileType = sourcecode.swift; path = SceneDelegate.swift; sourceTree = "<group>"; };
		AB82605B24E0CD6900EB38EA /* ViewController.swift */ = {isa = PBXFileReference; lastKnownFileType = sourcecode.swift; path = ViewController.swift; sourceTree = "<group>"; };
		AB82605E24E0CD6900EB38EA /* Base */ = {isa = PBXFileReference; lastKnownFileType = file.storyboard; name = Base; path = Base.lproj/Main.storyboard; sourceTree = "<group>"; };
		AB82606024E0CD6A00EB38EA /* Assets.xcassets */ = {isa = PBXFileReference; lastKnownFileType = folder.assetcatalog; path = Assets.xcassets; sourceTree = "<group>"; };
		AB82606324E0CD6A00EB38EA /* Base */ = {isa = PBXFileReference; lastKnownFileType = file.storyboard; name = Base; path = Base.lproj/LaunchScreen.storyboard; sourceTree = "<group>"; };
		AB82606524E0CD6A00EB38EA /* Info.plist */ = {isa = PBXFileReference; lastKnownFileType = text.plist.xml; path = Info.plist; sourceTree = "<group>"; };
/* End PBXFileReference section */

/* Begin PBXFrameworksBuildPhase section */
		AB82605124E0CD6900EB38EA /* Frameworks */ = {
			isa = PBXFrameworksBuildPhase;
			buildActionMask = 2147483647;
			files = (
			);
			runOnlyForDeploymentPostprocessing = 0;
		};
/* End PBXFrameworksBuildPhase section */

/* Begin PBXGroup section */
		AB82604B24E0CD6900EB38EA = {
			isa = PBXGroup;
			children = (
				AB82605624E0CD6900EB38EA /* internationalizationBaseFinish */,
				AB82605524E0CD6900EB38EA /* Products */,
			);
			sourceTree = "<group>";
		};
		AB82605524E0CD6900EB38EA /* Products */ = {
			isa = PBXGroup;
			children = (
				AB82605424E0CD6900EB38EA /* internationalizationBaseFinish.app */,
			);
			name = Products;
			sourceTree = "<group>";
		};
		AB82605624E0CD6900EB38EA /* internationalizationBaseFinish */ = {
			isa = PBXGroup;
			children = (
				AB82605724E0CD6900EB38EA /* AppDelegate.swift */,
				AB82605924E0CD6900EB38EA /* SceneDelegate.swift */,
				AB82605B24E0CD6900EB38EA /* ViewController.swift */,
				AB82605D24E0CD6900EB38EA /* Main.storyboard */,
				AB82606024E0CD6A00EB38EA /* Assets.xcassets */,
				AB82606224E0CD6A00EB38EA /* LaunchScreen.storyboard */,
				AB82606524E0CD6A00EB38EA /* Info.plist */,
			);
			path = internationalizationBaseFinish;
			sourceTree = "<group>";
		};
/* End PBXGroup section */

/* Begin PBXNativeTarget section */
		AB82605324E0CD6900EB38EA /* internationalizationBaseFinish */ = {
			isa = PBXNativeTarget;
			buildConfigurationList = AB82606824E0CD6A00EB38EA /* Build configuration list for PBXNativeTarget "internationalizationBaseFinish" */;
			buildPhases = (
				AB82605024E0CD6900EB38EA /* Sources */,
				AB82605124E0CD6900EB38EA /* Frameworks */,
				AB82605224E0CD6900EB38EA /* Resources */,
			);
			buildRules = (
			);
			dependencies = (
			);
			name = internationalizationBaseFinish;
			productName = internationalizationBaseFinish;
			productReference = AB82605424E0CD6900EB38EA /* internationalizationBaseFinish.app */;
			productType = "com.apple.product-type.application";
		};
/* End PBXNativeTarget section */

/* Begin PBXProject section */
		AB82604C24E0CD6900EB38EA /* Project object */ = {
			isa = PBXProject;
			attributes = {
				LastSwiftUpdateCheck = 1150;
				LastUpgradeCheck = 1150;
				ORGANIZATIONNAME = "Arlen Peña";
				TargetAttributes = {
					AB82605324E0CD6900EB38EA = {
						CreatedOnToolsVersion = 11.5;
					};
				};
			};
			buildConfigurationList = AB82604F24E0CD6900EB38EA /* Build configuration list for PBXProject "internationalizationBaseFinish" */;
			compatibilityVersion = "Xcode 9.3";
			developmentRegion = en;
			hasScannedForEncodings = 0;
			knownRegions = (
				en,
				Base,
			);
			mainGroup = AB82604B24E0CD6900EB38EA;
			productRefGroup = AB82605524E0CD6900EB38EA /* Products */;
			projectDirPath = "";
			projectRoot = "";
			targets = (
				AB82605324E0CD6900EB38EA /* internationalizationBaseFinish */,
			);
		};
/* End PBXProject section */

/* Begin PBXResourcesBuildPhase section */
		AB82605224E0CD6900EB38EA /* Resources */ = {
			isa = PBXResourcesBuildPhase;
			buildActionMask = 2147483647;
			files = (
				AB82606424E0CD6A00EB38EA /* LaunchScreen.storyboard in Resources */,
				AB82606124E0CD6A00EB38EA /* Assets.xcassets in Resources */,
				AB82605F24E0CD6900EB38EA /* Main.storyboard in Resources */,
			);
			runOnlyForDeploymentPostprocessing = 0;
		};
/* End PBXResourcesBuildPhase section */

/* Begin PBXSourcesBuildPhase section */
		AB82605024E0CD6900EB38EA /* Sources */ = {
			isa = PBXSourcesBuildPhase;
			buildActionMask = 2147483647;
			files = (
				AB82605C24E0CD6900EB38EA /* ViewController.swift in Sources */,
				AB82605824E0CD6900EB38EA /* AppDelegate.swift in Sources */,
				AB82605A24E0CD6900EB38EA /* SceneDelegate.swift in Sources */,
			);
			runOnlyForDeploymentPostprocessing = 0;
		};
/* End PBXSourcesBuildPhase section */

/* Begin PBXVariantGroup section */
		AB82605D24E0CD6900EB38EA /* Main.storyboard */ = {
			isa = PBXVariantGroup;
			children = (
				AB82605E24E0CD6900EB38EA /* Base */,
			);
			name = Main.storyboard;
			sourceTree = "<group>";
		};
		AB82606224E0CD6A00EB38EA /* LaunchScreen.storyboard */ = {
			isa = PBXVariantGroup;
			children = (
				AB82606324E0CD6A00EB38EA /* Base */,
			);
			name = LaunchScreen.storyboard;
			sourceTree = "<group>";
		};
/* End PBXVariantGroup section */

/* Begin XCBuildConfiguration section */
		AB82606624E0CD6A00EB38EA /* Debug */ = {
			isa = XCBuildConfiguration;
			buildSettings = {
				ALWAYS_SEARCH_USER_PATHS = NO;
				CLANG_ANALYZER_NONNULL = YES;
				CLANG_ANALYZER_NUMBER_OBJECT_CONVERSION = YES_AGGRESSIVE;
				CLANG_CXX_LANGUAGE_STANDARD = "gnu++14";
				CLANG_CXX_LIBRARY = "libc++";
				CLANG_ENABLE_MODULES = YES;
				CLANG_ENABLE_OBJC_ARC = YES;
				CLANG_ENABLE_OBJC_WEAK = YES;
				CLANG_WARN_BLOCK_CAPTURE_AUTORELEASING = YES;
				CLANG_WARN_BOOL_CONVERSION = YES;
				CLANG_WARN_COMMA = YES;
				CLANG_WARN_CONSTANT_CONVERSION = YES;
				CLANG_WARN_DEPRECATED_OBJC_IMPLEMENTATIONS = YES;
				CLANG_WARN_DIRECT_OBJC_ISA_USAGE = YES_ERROR;
				CLANG_WARN_DOCUMENTATION_COMMENTS = YES;
				CLANG_WARN_EMPTY_BODY = YES;
				CLANG_WARN_ENUM_CONVERSION = YES;
				CLANG_WARN_INFINITE_RECURSION = YES;
				CLANG_WARN_INT_CONVERSION = YES;
				CLANG_WARN_NON_LITERAL_NULL_CONVERSION = YES;
				CLANG_WARN_OBJC_IMPLICIT_RETAIN_SELF = YES;
				CLANG_WARN_OBJC_LITERAL_CONVERSION = YES;
				CLANG_WARN_OBJC_ROOT_CLASS = YES_ERROR;
				CLANG_WARN_RANGE_LOOP_ANALYSIS = YES;
				CLANG_WARN_STRICT_PROTOTYPES = YES;
				CLANG_WARN_SUSPICIOUS_MOVE = YES;
				CLANG_WARN_UNGUARDED_AVAILABILITY = YES_AGGRESSIVE;
				CLANG_WARN_UNREACHABLE_CODE = YES;
				CLANG_WARN__DUPLICATE_METHOD_MATCH = YES;
				COPY_PHASE_STRIP = NO;
				DEBUG_INFORMATION_FORMAT = dwarf;
				ENABLE_STRICT_OBJC_MSGSEND = YES;
				ENABLE_TESTABILITY = YES;
				GCC_C_LANGUAGE_STANDARD = gnu11;
				GCC_DYNAMIC_NO_PIC = NO;
				GCC_NO_COMMON_BLOCKS = YES;
				GCC_OPTIMIZATION_LEVEL = 0;
				GCC_PREPROCESSOR_DEFINITIONS = (
					"DEBUG=1",
					"$(inherited)",
				);
				GCC_WARN_64_TO_32_BIT_CONVERSION = YES;
				GCC_WARN_ABOUT_RETURN_TYPE = YES_ERROR;
				GCC_WARN_UNDECLARED_SELECTOR = YES;
				GCC_WARN_UNINITIALIZED_AUTOS = YES_AGGRESSIVE;
				GCC_WARN_UNUSED_FUNCTION = YES;
				GCC_WARN_UNUSED_VARIABLE = YES;
				IPHONEOS_DEPLOYMENT_TARGET = 13.5;
				MTL_ENABLE_DEBUG_INFO = INCLUDE_SOURCE;
				MTL_FAST_MATH = YES;
				ONLY_ACTIVE_ARCH = YES;
				SDKROOT = iphoneos;
				SWIFT_ACTIVE_COMPILATION_CONDITIONS = DEBUG;
				SWIFT_OPTIMIZATION_LEVEL = "-Onone";
			};
			name = Debug;
		};
		AB82606724E0CD6A00EB38EA /* Release */ = {
			isa = XCBuildConfiguration;
			buildSettings = {
				ALWAYS_SEARCH_USER_PATHS = NO;
				CLANG_ANALYZER_NONNULL = YES;
				CLANG_ANALYZER_NUMBER_OBJECT_CONVERSION = YES_AGGRESSIVE;
				CLANG_CXX_LANGUAGE_STANDARD = "gnu++14";
				CLANG_CXX_LIBRARY = "libc++";
				CLANG_ENABLE_MODULES = YES;
				CLANG_ENABLE_OBJC_ARC = YES;
				CLANG_ENABLE_OBJC_WEAK = YES;
				CLANG_WARN_BLOCK_CAPTURE_AUTORELEASING = YES;
				CLANG_WARN_BOOL_CONVERSION = YES;
				CLANG_WARN_COMMA = YES;
				CLANG_WARN_CONSTANT_CONVERSION = YES;
				CLANG_WARN_DEPRECATED_OBJC_IMPLEMENTATIONS = YES;
				CLANG_WARN_DIRECT_OBJC_ISA_USAGE = YES_ERROR;
				CLANG_WARN_DOCUMENTATION_COMMENTS = YES;
				CLANG_WARN_EMPTY_BODY = YES;
				CLANG_WARN_ENUM_CONVERSION = YES;
				CLANG_WARN_INFINITE_RECURSION = YES;
				CLANG_WARN_INT_CONVERSION = YES;
				CLANG_WARN_NON_LITERAL_NULL_CONVERSION = YES;
				CLANG_WARN_OBJC_IMPLICIT_RETAIN_SELF = YES;
				CLANG_WARN_OBJC_LITERAL_CONVERSION = YES;
				CLANG_WARN_OBJC_ROOT_CLASS = YES_ERROR;
				CLANG_WARN_RANGE_LOOP_ANALYSIS = YES;
				CLANG_WARN_STRICT_PROTOTYPES = YES;
				CLANG_WARN_SUSPICIOUS_MOVE = YES;
				CLANG_WARN_UNGUARDED_AVAILABILITY = YES_AGGRESSIVE;
				CLANG_WARN_UNREACHABLE_CODE = YES;
				CLANG_WARN__DUPLICATE_METHOD_MATCH = YES;
				COPY_PHASE_STRIP = NO;
				DEBUG_INFORMATION_FORMAT = "dwarf-with-dsym";
				ENABLE_NS_ASSERTIONS = NO;
				ENABLE_STRICT_OBJC_MSGSEND = YES;
				GCC_C_LANGUAGE_STANDARD = gnu11;
				GCC_NO_COMMON_BLOCKS = YES;
				GCC_WARN_64_TO_32_BIT_CONVERSION = YES;
				GCC_WARN_ABOUT_RETURN_TYPE = YES_ERROR;
				GCC_WARN_UNDECLARED_SELECTOR = YES;
				GCC_WARN_UNINITIALIZED_AUTOS = YES_AGGRESSIVE;
				GCC_WARN_UNUSED_FUNCTION = YES;
				GCC_WARN_UNUSED_VARIABLE = YES;
				IPHONEOS_DEPLOYMENT_TARGET = 13.5;
				MTL_ENABLE_DEBUG_INFO = NO;
				MTL_FAST_MATH = YES;
				SDKROOT = iphoneos;
				SWIFT_COMPILATION_MODE = wholemodule;
				SWIFT_OPTIMIZATION_LEVEL = "-O";
				VALIDATE_PRODUCT = YES;
			};
			name = Release;
		};
		AB82606924E0CD6A00EB38EA /* Debug */ = {
			isa = XCBuildConfiguration;
			buildSettings = {
				ASSETCATALOG_COMPILER_APPICON_NAME = AppIcon;
				CODE_SIGN_STYLE = Automatic;
				DEVELOPMENT_TEAM = 7LRB92KKD8;
				INFOPLIST_FILE = internationalizationBaseFinish/Info.plist;
				LD_RUNPATH_SEARCH_PATHS = (
					"$(inherited)",
					"@executable_path/Frameworks",
				);
				PRODUCT_BUNDLE_IDENTIFIER = Ale.internationalizationBaseFinish;
				PRODUCT_NAME = "$(TARGET_NAME)";
				SWIFT_VERSION = 5.0;
				TARGETED_DEVICE_FAMILY = "1,2";
			};
			name = Debug;
		};
		AB82606A24E0CD6A00EB38EA /* Release */ = {
			isa = XCBuildConfiguration;
			buildSettings = {
				ASSETCATALOG_COMPILER_APPICON_NAME = AppIcon;
				CODE_SIGN_STYLE = Automatic;
				DEVELOPMENT_TEAM = 7LRB92KKD8;
				INFOPLIST_FILE = internationalizationBaseFinish/Info.plist;
				LD_RUNPATH_SEARCH_PATHS = (
					"$(inherited)",
					"@executable_path/Frameworks",
				);
				PRODUCT_BUNDLE_IDENTIFIER = Ale.internationalizationBaseFinish;
				PRODUCT_NAME = "$(TARGET_NAME)";
				SWIFT_VERSION = 5.0;
				TARGETED_DEVICE_FAMILY = "1,2";
			};
			name = Release;
		};
/* End XCBuildConfiguration section */

/* Begin XCConfigurationList section */
		AB82604F24E0CD6900EB38EA /* Build configuration list for PBXProject "internationalizationBaseFinish" */ = {
			isa = XCConfigurationList;
			buildConfigurations = (
				AB82606624E0CD6A00EB38EA /* Debug */,
				AB82606724E0CD6A00EB38EA /* Release */,
			);
			defaultConfigurationIsVisible = 0;
			defaultConfigurationName = Release;
		};
		AB82606824E0CD6A00EB38EA /* Build configuration list for PBXNativeTarget "internationalizationBaseFinish" */ = {
			isa = XCConfigurationList;
			buildConfigurations = (
				AB82606924E0CD6A00EB38EA /* Debug */,
				AB82606A24E0CD6A00EB38EA /* Release */,
			);
			defaultConfigurationIsVisible = 0;
			defaultConfigurationName = Release;
		};
/* End XCConfigurationList section */
	};
	rootObject = AB82604C24E0CD6900EB38EA /* Project object */;
}
